// !$*UTF8*$!
{
	archiveVersion = 1;
	classes = {
	};
	objectVersion = 46;
	objects = {

/* Begin PBXBuildFile section */
		0D13ABA11D44E3E70002464E /* Routable.m in Sources */ = {isa = PBXBuildFile; fileRef = 0D13ABA01D44E3E70002464E /* Routable.m */; };
		0D13ABA41D44E5A90002464E /* PageViewController.m in Sources */ = {isa = PBXBuildFile; fileRef = 0D13ABA31D44E5A90002464E /* PageViewController.m */; };
		0DA3BEB01D4FA7B100CA3E50 /* WSWaveEmitterView.m in Sources */ = {isa = PBXBuildFile; fileRef = 0DA3BEAF1D4FA7B100CA3E50 /* WSWaveEmitterView.m */; };
		73423FC5A4038C15F5876433 /* libPods-NetworkAndLayout.a in Frameworks */ = {isa = PBXBuildFile; fileRef = E846188DBA7E460747E793D9 /* libPods-NetworkAndLayout.a */; };
		EB1202731CE182E700D5EF3A /* main.m in Sources */ = {isa = PBXBuildFile; fileRef = EB1202721CE182E700D5EF3A /* main.m */; };
		EB1202761CE182E700D5EF3A /* AppDelegate.m in Sources */ = {isa = PBXBuildFile; fileRef = EB1202751CE182E700D5EF3A /* AppDelegate.m */; };
		EB1202791CE182E700D5EF3A /* ViewController.m in Sources */ = {isa = PBXBuildFile; fileRef = EB1202781CE182E700D5EF3A /* ViewController.m */; };
		EB12027C1CE182E700D5EF3A /* Main.storyboard in Resources */ = {isa = PBXBuildFile; fileRef = EB12027A1CE182E700D5EF3A /* Main.storyboard */; };
		EB12027E1CE182E700D5EF3A /* Assets.xcassets in Resources */ = {isa = PBXBuildFile; fileRef = EB12027D1CE182E700D5EF3A /* Assets.xcassets */; };
		EB1202811CE182E700D5EF3A /* LaunchScreen.storyboard in Resources */ = {isa = PBXBuildFile; fileRef = EB12027F1CE182E700D5EF3A /* LaunchScreen.storyboard */; };
		EBE64E111CE1856000E6287D /* IndexViewController.swift in Sources */ = {isa = PBXBuildFile; fileRef = EBE64E101CE1856000E6287D /* IndexViewController.swift */; };
		EBE64E131CE1869000E6287D /* ColorView.swift in Sources */ = {isa = PBXBuildFile; fileRef = EBE64E121CE1869000E6287D /* ColorView.swift */; };
/* End PBXBuildFile section */

/* Begin PBXFileReference section */
		0D13AB9F1D44E3E70002464E /* Routable.h */ = {isa = PBXFileReference; fileEncoding = 4; lastKnownFileType = sourcecode.c.h; path = Routable.h; sourceTree = "<group>"; };
		0D13ABA01D44E3E70002464E /* Routable.m */ = {isa = PBXFileReference; fileEncoding = 4; lastKnownFileType = sourcecode.c.objc; path = Routable.m; sourceTree = "<group>"; };
		0D13ABA21D44E5A90002464E /* PageViewController.h */ = {isa = PBXFileReference; fileEncoding = 4; lastKnownFileType = sourcecode.c.h; path = PageViewController.h; sourceTree = "<group>"; };
		0D13ABA31D44E5A90002464E /* PageViewController.m */ = {isa = PBXFileReference; fileEncoding = 4; lastKnownFileType = sourcecode.c.objc; path = PageViewController.m; sourceTree = "<group>"; };
		0DA3BEAE1D4FA7B100CA3E50 /* WSWaveEmitterView.h */ = {isa = PBXFileReference; fileEncoding = 4; lastKnownFileType = sourcecode.c.h; path = WSWaveEmitterView.h; sourceTree = "<group>"; };
		0DA3BEAF1D4FA7B100CA3E50 /* WSWaveEmitterView.m */ = {isa = PBXFileReference; fileEncoding = 4; lastKnownFileType = sourcecode.c.objc; path = WSWaveEmitterView.m; sourceTree = "<group>"; };
		5B138BFBC49A6549038E2A0D /* Pods-NetworkAndLayout.debug.xcconfig */ = {isa = PBXFileReference; includeInIndex = 1; lastKnownFileType = text.xcconfig; name = "Pods-NetworkAndLayout.debug.xcconfig"; path = "Pods/Target Support Files/Pods-NetworkAndLayout/Pods-NetworkAndLayout.debug.xcconfig"; sourceTree = "<group>"; };
		C59971C9BA043A2126B2AC58 /* Pods-NetworkAndLayout.release.xcconfig */ = {isa = PBXFileReference; includeInIndex = 1; lastKnownFileType = text.xcconfig; name = "Pods-NetworkAndLayout.release.xcconfig"; path = "Pods/Target Support Files/Pods-NetworkAndLayout/Pods-NetworkAndLayout.release.xcconfig"; sourceTree = "<group>"; };
		E846188DBA7E460747E793D9 /* libPods-NetworkAndLayout.a */ = {isa = PBXFileReference; explicitFileType = archive.ar; includeInIndex = 0; path = "libPods-NetworkAndLayout.a"; sourceTree = BUILT_PRODUCTS_DIR; };
		EB12026E1CE182E700D5EF3A /* NetworkAndLayout.app */ = {isa = PBXFileReference; explicitFileType = wrapper.application; includeInIndex = 0; path = NetworkAndLayout.app; sourceTree = BUILT_PRODUCTS_DIR; };
		EB1202721CE182E700D5EF3A /* main.m */ = {isa = PBXFileReference; lastKnownFileType = sourcecode.c.objc; path = main.m; sourceTree = "<group>"; };
		EB1202741CE182E700D5EF3A /* AppDelegate.h */ = {isa = PBXFileReference; lastKnownFileType = sourcecode.c.h; path = AppDelegate.h; sourceTree = "<group>"; };
		EB1202751CE182E700D5EF3A /* AppDelegate.m */ = {isa = PBXFileReference; lastKnownFileType = sourcecode.c.objc; path = AppDelegate.m; sourceTree = "<group>"; };
		EB1202771CE182E700D5EF3A /* ViewController.h */ = {isa = PBXFileReference; lastKnownFileType = sourcecode.c.h; path = ViewController.h; sourceTree = "<group>"; };
		EB1202781CE182E700D5EF3A /* ViewController.m */ = {isa = PBXFileReference; lastKnownFileType = sourcecode.c.objc; path = ViewController.m; sourceTree = "<group>"; };
		EB12027B1CE182E700D5EF3A /* Base */ = {isa = PBXFileReference; lastKnownFileType = file.storyboard; name = Base; path = Base.lproj/Main.storyboard; sourceTree = "<group>"; };
		EB12027D1CE182E700D5EF3A /* Assets.xcassets */ = {isa = PBXFileReference; lastKnownFileType = folder.assetcatalog; path = Assets.xcassets; sourceTree = "<group>"; };
		EB1202801CE182E700D5EF3A /* Base */ = {isa = PBXFileReference; lastKnownFileType = file.storyboard; name = Base; path = Base.lproj/LaunchScreen.storyboard; sourceTree = "<group>"; };
		EB1202821CE182E700D5EF3A /* Info.plist */ = {isa = PBXFileReference; lastKnownFileType = text.plist.xml; path = Info.plist; sourceTree = "<group>"; };
		EBE64E0F1CE1855F00E6287D /* NetworkAndLayout-Bridging-Header.h */ = {isa = PBXFileReference; lastKnownFileType = sourcecode.c.h; path = "NetworkAndLayout-Bridging-Header.h"; sourceTree = "<group>"; };
		EBE64E101CE1856000E6287D /* IndexViewController.swift */ = {isa = PBXFileReference; fileEncoding = 4; lastKnownFileType = sourcecode.swift; path = IndexViewController.swift; sourceTree = "<group>"; };
		EBE64E121CE1869000E6287D /* ColorView.swift */ = {isa = PBXFileReference; fileEncoding = 4; lastKnownFileType = sourcecode.swift; path = ColorView.swift; sourceTree = "<group>"; };
/* End PBXFileReference section */

/* Begin PBXFrameworksBuildPhase section */
		EB12026B1CE182E700D5EF3A /* Frameworks */ = {
			isa = PBXFrameworksBuildPhase;
			buildActionMask = 2147483647;
			files = (
				73423FC5A4038C15F5876433 /* libPods-NetworkAndLayout.a in Frameworks */,
			);
			runOnlyForDeploymentPostprocessing = 0;
		};
/* End PBXFrameworksBuildPhase section */

/* Begin PBXGroup section */
		0D13AB9E1D44E3E70002464E /* Routable */ = {
			isa = PBXGroup;
			children = (
				0D13AB9F1D44E3E70002464E /* Routable.h */,
				0D13ABA01D44E3E70002464E /* Routable.m */,
			);
			path = Routable;
			sourceTree = "<group>";
		};
		879E3FD21CEBC39245599599 /* Frameworks */ = {
			isa = PBXGroup;
			children = (
				E846188DBA7E460747E793D9 /* libPods-NetworkAndLayout.a */,
			);
			name = Frameworks;
			sourceTree = "<group>";
		};
		D1D76A6EE513FD68CA2DBB9C /* Pods */ = {
			isa = PBXGroup;
			children = (
				5B138BFBC49A6549038E2A0D /* Pods-NetworkAndLayout.debug.xcconfig */,
				C59971C9BA043A2126B2AC58 /* Pods-NetworkAndLayout.release.xcconfig */,
			);
			name = Pods;
			sourceTree = "<group>";
		};
		EB1202651CE182E700D5EF3A = {
			isa = PBXGroup;
			children = (
				EB1202701CE182E700D5EF3A /* NetworkAndLayout */,
				EB12026F1CE182E700D5EF3A /* Products */,
				D1D76A6EE513FD68CA2DBB9C /* Pods */,
				879E3FD21CEBC39245599599 /* Frameworks */,
			);
			sourceTree = "<group>";
		};
		EB12026F1CE182E700D5EF3A /* Products */ = {
			isa = PBXGroup;
			children = (
				EB12026E1CE182E700D5EF3A /* NetworkAndLayout.app */,
			);
			name = Products;
			sourceTree = "<group>";
		};
		EB1202701CE182E700D5EF3A /* NetworkAndLayout */ = {
			isa = PBXGroup;
			children = (
				0D13AB9E1D44E3E70002464E /* Routable */,
				EB1202741CE182E700D5EF3A /* AppDelegate.h */,
				EB1202751CE182E700D5EF3A /* AppDelegate.m */,
				EB1202771CE182E700D5EF3A /* ViewController.h */,
				EB1202781CE182E700D5EF3A /* ViewController.m */,
				0D13ABA21D44E5A90002464E /* PageViewController.h */,
				0D13ABA31D44E5A90002464E /* PageViewController.m */,
				0DA3BEAE1D4FA7B100CA3E50 /* WSWaveEmitterView.h */,
				0DA3BEAF1D4FA7B100CA3E50 /* WSWaveEmitterView.m */,
				EBE64E101CE1856000E6287D /* IndexViewController.swift */,
				EBE64E121CE1869000E6287D /* ColorView.swift */,
				EB12027A1CE182E700D5EF3A /* Main.storyboard */,
				EB12027D1CE182E700D5EF3A /* Assets.xcassets */,
				EB12027F1CE182E700D5EF3A /* LaunchScreen.storyboard */,
				EB1202821CE182E700D5EF3A /* Info.plist */,
				EB1202711CE182E700D5EF3A /* Supporting Files */,
				EBE64E0F1CE1855F00E6287D /* NetworkAndLayout-Bridging-Header.h */,
			);
			path = NetworkAndLayout;
			sourceTree = "<group>";
		};
		EB1202711CE182E700D5EF3A /* Supporting Files */ = {
			isa = PBXGroup;
			children = (
				EB1202721CE182E700D5EF3A /* main.m */,
			);
			name = "Supporting Files";
			sourceTree = "<group>";
		};
/* End PBXGroup section */

/* Begin PBXNativeTarget section */
		EB12026D1CE182E700D5EF3A /* NetworkAndLayout */ = {
			isa = PBXNativeTarget;
			buildConfigurationList = EB1202851CE182E700D5EF3A /* Build configuration list for PBXNativeTarget "NetworkAndLayout" */;
			buildPhases = (
				3E93E6CF562119D457474901 /* 📦 Check Pods Manifest.lock */,
				EB12026A1CE182E700D5EF3A /* Sources */,
				EB12026B1CE182E700D5EF3A /* Frameworks */,
				EB12026C1CE182E700D5EF3A /* Resources */,
				912A603E3155084FF6F2FC84 /* 📦 Embed Pods Frameworks */,
				6E8EEEAF7C16FE0184A85104 /* 📦 Copy Pods Resources */,
			);
			buildRules = (
			);
			dependencies = (
			);
			name = NetworkAndLayout;
			productName = NetworkAndLayout;
			productReference = EB12026E1CE182E700D5EF3A /* NetworkAndLayout.app */;
			productType = "com.apple.product-type.application";
		};
/* End PBXNativeTarget section */

/* Begin PBXProject section */
		EB1202661CE182E700D5EF3A /* Project object */ = {
			isa = PBXProject;
			attributes = {
				LastUpgradeCheck = 0730;
				ORGANIZATIONNAME = Jam;
				TargetAttributes = {
					EB12026D1CE182E700D5EF3A = {
						CreatedOnToolsVersion = 7.3;
					};
				};
			};
			buildConfigurationList = EB1202691CE182E700D5EF3A /* Build configuration list for PBXProject "NetworkAndLayout" */;
			compatibilityVersion = "Xcode 3.2";
			developmentRegion = English;
			hasScannedForEncodings = 0;
			knownRegions = (
				en,
				Base,
			);
			mainGroup = EB1202651CE182E700D5EF3A;
			productRefGroup = EB12026F1CE182E700D5EF3A /* Products */;
			projectDirPath = "";
			projectRoot = "";
			targets = (
				EB12026D1CE182E700D5EF3A /* NetworkAndLayout */,
			);
		};
/* End PBXProject section */

/* Begin PBXResourcesBuildPhase section */
		EB12026C1CE182E700D5EF3A /* Resources */ = {
			isa = PBXResourcesBuildPhase;
			buildActionMask = 2147483647;
			files = (
				EB1202811CE182E700D5EF3A /* LaunchScreen.storyboard in Resources */,
				EB12027E1CE182E700D5EF3A /* Assets.xcassets in Resources */,
				EB12027C1CE182E700D5EF3A /* Main.storyboard in Resources */,
			);
			runOnlyForDeploymentPostprocessing = 0;
		};
/* End PBXResourcesBuildPhase section */

/* Begin PBXShellScriptBuildPhase section */
		3E93E6CF562119D457474901 /* 📦 Check Pods Manifest.lock */ = {
			isa = PBXShellScriptBuildPhase;
			buildActionMask = 2147483647;
			files = (
			);
			inputPaths = (
			);
			name = "📦 Check Pods Manifest.lock";
			outputPaths = (
			);
			runOnlyForDeploymentPostprocessing = 0;
			shellPath = /bin/sh;
			shellScript = "diff \"${PODS_ROOT}/../Podfile.lock\" \"${PODS_ROOT}/Manifest.lock\" > /dev/null\nif [[ $? != 0 ]] ; then\n    cat << EOM\nerror: The sandbox is not in sync with the Podfile.lock. Run 'pod install' or update your CocoaPods installation.\nEOM\n    exit 1\nfi\n";
			showEnvVarsInLog = 0;
		};
		6E8EEEAF7C16FE0184A85104 /* 📦 Copy Pods Resources */ = {
			isa = PBXShellScriptBuildPhase;
			buildActionMask = 2147483647;
			files = (
			);
			inputPaths = (
			);
			name = "📦 Copy Pods Resources";
			outputPaths = (
			);
			runOnlyForDeploymentPostprocessing = 0;
			shellPath = /bin/sh;
			shellScript = "\"${SRCROOT}/Pods/Target Support Files/Pods-NetworkAndLayout/Pods-NetworkAndLayout-resources.sh\"\n";
			showEnvVarsInLog = 0;
		};
		912A603E3155084FF6F2FC84 /* 📦 Embed Pods Frameworks */ = {
			isa = PBXShellScriptBuildPhase;
			buildActionMask = 2147483647;
			files = (
			);
			inputPaths = (
			);
			name = "📦 Embed Pods Frameworks";
			outputPaths = (
			);
			runOnlyForDeploymentPostprocessing = 0;
			shellPath = /bin/sh;
			shellScript = "\"${SRCROOT}/Pods/Target Support Files/Pods-NetworkAndLayout/Pods-NetworkAndLayout-frameworks.sh\"\n";
			showEnvVarsInLog = 0;
		};
/* End PBXShellScriptBuildPhase section */

/* Begin PBXSourcesBuildPhase section */
		EB12026A1CE182E700D5EF3A /* Sources */ = {
			isa = PBXSourcesBuildPhase;
			buildActionMask = 2147483647;
			files = (
				0DA3BEB01D4FA7B100CA3E50 /* WSWaveEmitterView.m in Sources */,
				EB1202791CE182E700D5EF3A /* ViewController.m in Sources */,
				0D13ABA11D44E3E70002464E /* Routable.m in Sources */,
				EB1202761CE182E700D5EF3A /* AppDelegate.m in Sources */,
				EB1202731CE182E700D5EF3A /* main.m in Sources */,
				EBE64E111CE1856000E6287D /* IndexViewController.swift in Sources */,
				EBE64E131CE1869000E6287D /* ColorView.swift in Sources */,
				0D13ABA41D44E5A90002464E /* PageViewController.m in Sources */,
			);
			runOnlyForDeploymentPostprocessing = 0;
		};
/* End PBXSourcesBuildPhase section */

/* Begin PBXVariantGroup section */
		EB12027A1CE182E700D5EF3A /* Main.storyboard */ = {
			isa = PBXVariantGroup;
			children = (
				EB12027B1CE182E700D5EF3A /* Base */,
			);
			name = Main.storyboard;
			sourceTree = "<group>";
		};
		EB12027F1CE182E700D5EF3A /* LaunchScreen.storyboard */ = {
			isa = PBXVariantGroup;
			children = (
				EB1202801CE182E700D5EF3A /* Base */,
			);
			name = LaunchScreen.storyboard;
			sourceTree = "<group>";
		};
/* End PBXVariantGroup section */

/* Begin XCBuildConfiguration section */
		EB1202831CE182E700D5EF3A /* Debug */ = {
			isa = XCBuildConfiguration;
			buildSettings = {
				ALWAYS_SEARCH_USER_PATHS = NO;
				CLANG_ANALYZER_NONNULL = YES;
				CLANG_CXX_LANGUAGE_STANDARD = "gnu++0x";
				CLANG_CXX_LIBRARY = "libc++";
				CLANG_ENABLE_MODULES = YES;
				CLANG_ENABLE_OBJC_ARC = YES;
				CLANG_WARN_BOOL_CONVERSION = YES;
				CLANG_WARN_CONSTANT_CONVERSION = YES;
				CLANG_WARN_DIRECT_OBJC_ISA_USAGE = YES_ERROR;
				CLANG_WARN_EMPTY_BODY = YES;
				CLANG_WARN_ENUM_CONVERSION = YES;
				CLANG_WARN_INT_CONVERSION = YES;
				CLANG_WARN_OBJC_ROOT_CLASS = YES_ERROR;
				CLANG_WARN_UNREACHABLE_CODE = YES;
				CLANG_WARN__DUPLICATE_METHOD_MATCH = YES;
				"CODE_SIGN_IDENTITY[sdk=iphoneos*]" = "iPhone Developer";
				COPY_PHASE_STRIP = NO;
				DEBUG_INFORMATION_FORMAT = dwarf;
				ENABLE_STRICT_OBJC_MSGSEND = YES;
				ENABLE_TESTABILITY = YES;
				GCC_C_LANGUAGE_STANDARD = gnu99;
				GCC_DYNAMIC_NO_PIC = NO;
				GCC_NO_COMMON_BLOCKS = YES;
				GCC_OPTIMIZATION_LEVEL = 0;
				GCC_PREPROCESSOR_DEFINITIONS = (
					"DEBUG=1",
					"$(inherited)",
				);
				GCC_WARN_64_TO_32_BIT_CONVERSION = YES;
				GCC_WARN_ABOUT_RETURN_TYPE = YES_ERROR;
				GCC_WARN_UNDECLARED_SELECTOR = YES;
				GCC_WARN_UNINITIALIZED_AUTOS = YES_AGGRESSIVE;
				GCC_WARN_UNUSED_FUNCTION = YES;
				GCC_WARN_UNUSED_VARIABLE = YES;
				IPHONEOS_DEPLOYMENT_TARGET = 9.3;
				MTL_ENABLE_DEBUG_INFO = YES;
				ONLY_ACTIVE_ARCH = YES;
				SDKROOT = iphoneos;
			};
			name = Debug;
		};
		EB1202841CE182E700D5EF3A /* Release */ = {
			isa = XCBuildConfiguration;
			buildSettings = {
				ALWAYS_SEARCH_USER_PATHS = NO;
				CLANG_ANALYZER_NONNULL = YES;
				CLANG_CXX_LANGUAGE_STANDARD = "gnu++0x";
				CLANG_CXX_LIBRARY = "libc++";
				CLANG_ENABLE_MODULES = YES;
				CLANG_ENABLE_OBJC_ARC = YES;
				CLANG_WARN_BOOL_CONVERSION = YES;
				CLANG_WARN_CONSTANT_CONVERSION = YES;
				CLANG_WARN_DIRECT_OBJC_ISA_USAGE = YES_ERROR;
				CLANG_WARN_EMPTY_BODY = YES;
				CLANG_WARN_ENUM_CONVERSION = YES;
				CLANG_WARN_INT_CONVERSION = YES;
				CLANG_WARN_OBJC_ROOT_CLASS = YES_ERROR;
				CLANG_WARN_UNREACHABLE_CODE = YES;
				CLANG_WARN__DUPLICATE_METHOD_MATCH = YES;
				"CODE_SIGN_IDENTITY[sdk=iphoneos*]" = "iPhone Developer";
				COPY_PHASE_STRIP = NO;
				DEBUG_INFORMATION_FORMAT = "dwarf-with-dsym";
				ENABLE_NS_ASSERTIONS = NO;
				ENABLE_STRICT_OBJC_MSGSEND = YES;
				GCC_C_LANGUAGE_STANDARD = gnu99;
				GCC_NO_COMMON_BLOCKS = YES;
				GCC_WARN_64_TO_32_BIT_CONVERSION = YES;
				GCC_WARN_ABOUT_RETURN_TYPE = YES_ERROR;
				GCC_WARN_UNDECLARED_SELECTOR = YES;
				GCC_WARN_UNINITIALIZED_AUTOS = YES_AGGRESSIVE;
				GCC_WARN_UNUSED_FUNCTION = YES;
				GCC_WARN_UNUSED_VARIABLE = YES;
				IPHONEOS_DEPLOYMENT_TARGET = 9.3;
				MTL_ENABLE_DEBUG_INFO = NO;
				SDKROOT = iphoneos;
				VALIDATE_PRODUCT = YES;
			};
			name = Release;
		};
		EB1202861CE182E700D5EF3A /* Debug */ = {
			isa = XCBuildConfiguration;
			baseConfigurationReference = 5B138BFBC49A6549038E2A0D /* Pods-NetworkAndLayout.debug.xcconfig */;
			buildSettings = {
				ASSETCATALOG_COMPILER_APPICON_NAME = AppIcon;
				CLANG_ENABLE_MODULES = YES;
				DEFINES_MODULE = YES;
				INFOPLIST_FILE = NetworkAndLayout/Info.plist;
				IPHONEOS_DEPLOYMENT_TARGET = 7.0;
				LD_RUNPATH_SEARCH_PATHS = "$(inherited) @executable_path/Frameworks";
				PRODUCT_BUNDLE_IDENTIFIER = com.lapelgroup.NetworkAndLayout;
				PRODUCT_NAME = "$(TARGET_NAME)";
				SWIFT_OBJC_BRIDGING_HEADER = "NetworkAndLayout/NetworkAndLayout-Bridging-Header.h";
				SWIFT_OPTIMIZATION_LEVEL = "-Onone";
			};
			name = Debug;
		};
		EB1202871CE182E700D5EF3A /* Release */ = {
			isa = XCBuildConfiguration;
			baseConfigurationReference = C59971C9BA043A2126B2AC58 /* Pods-NetworkAndLayout.release.xcconfig */;
			buildSettings = {
				ASSETCATALOG_COMPILER_APPICON_NAME = AppIcon;
				CLANG_ENABLE_MODULES = YES;
				DEFINES_MODULE = YES;
				INFOPLIST_FILE = NetworkAndLayout/Info.plist;
				IPHONEOS_DEPLOYMENT_TARGET = 7.0;
				LD_RUNPATH_SEARCH_PATHS = "$(inherited) @executable_path/Frameworks";
				PRODUCT_BUNDLE_IDENTIFIER = com.lapelgroup.NetworkAndLayout;
				PRODUCT_NAME = "$(TARGET_NAME)";
				SWIFT_OBJC_BRIDGING_HEADER = "NetworkAndLayout/NetworkAndLayout-Bridging-Header.h";
			};
			name = Release;
		};
/* End XCBuildConfiguration section */

/* Begin XCConfigurationList section */
		EB1202691CE182E700D5EF3A /* Build configuration list for PBXProject "NetworkAndLayout" */ = {
			isa = XCConfigurationList;
			buildConfigurations = (
				EB1202831CE182E700D5EF3A /* Debug */,
				EB1202841CE182E700D5EF3A /* Release */,
			);
			defaultConfigurationIsVisible = 0;
			defaultConfigurationName = Release;
		};
		EB1202851CE182E700D5EF3A /* Build configuration list for PBXNativeTarget "NetworkAndLayout" */ = {
			isa = XCConfigurationList;
			buildConfigurations = (
				EB1202861CE182E700D5EF3A /* Debug */,
				EB1202871CE182E700D5EF3A /* Release */,
			);
			defaultConfigurationIsVisible = 0;
			defaultConfigurationName = Release;
		};
/* End XCConfigurationList section */
	};
	rootObject = EB1202661CE182E700D5EF3A /* Project object */;
}
